
Microsoft Visual Studio Solution File, Format Version 12.00
# Visual Studio Version 17
VisualStudioVersion = 17.7.34024.191
MinimumVisualStudioVersion = 10.0.40219.1
Project("{FAE04EC0-301F-11D3-BF4B-00C04F79EFBC}") = "alquileres", "alquileres.csproj", "{5DB97685-BC39-4615-9244-C68E23D51ECB}"
EndProject
Global
	GlobalSection(SolutionConfigurationPlatforms) = preSolution
		Debug|Any CPU = Debug|Any CPU
		Release|Any CPU = Release|Any CPU
	EndGlobalSection
	GlobalSection(ProjectConfigurationPlatforms) = postSolution
		{5DB97685-BC39-4615-9244-C68E23D51ECB}.Debug|Any CPU.ActiveCfg = Debug|Any CPU
		{5DB97685-BC39-4615-9244-C68E23D51ECB}.Debug|Any CPU.Build.0 = Debug|Any CPU
		{5DB97685-BC39-4615-9244-C68E23D51ECB}.Release|Any CPU.ActiveCfg = Release|Any CPU
		{5DB97685-BC39-4615-9244-C68E23D51ECB}.Release|Any CPU.Build.0 = Release|Any CPU
	EndGlobalSection
	GlobalSection(SolutionProperties) = preSolution
		HideSolutionNode = FALSE
	EndGlobalSection
	GlobalSection(ExtensibilityGlobals) = postSolution
		SolutionGuid = {8ED20336-BC9E-4729-9477-E07D5821084B}
	EndGlobalSection
EndGlobal
